
Microsoft Visual Studio Solution File, Format Version 12.00
# Visual Studio 15
VisualStudioVersion = 15.0.28307.329
MinimumVisualStudioVersion = 10.0.40219.1
Project("{FAE04EC0-301F-11D3-BF4B-00C04F79EFBC}") = "Demos.SalesTracker", "Demos.SalesTracker\Demos.SalesTracker.csproj", "{C7A9A343-DE76-4818-BD6F-D7B7EA0A6E52}"
EndProject
Global
	GlobalSection(SolutionConfigurationPlatforms) = preSolution
		Debug|Any CPU = Debug|Any CPU
		Release|Any CPU = Release|Any CPU
	EndGlobalSection
	GlobalSection(ProjectConfigurationPlatforms) = postSolution
		{C7A9A343-DE76-4818-BD6F-D7B7EA0A6E52}.Debug|Any CPU.ActiveCfg = Debug|Any CPU
		{C7A9A343-DE76-4818-BD6F-D7B7EA0A6E52}.Debug|Any CPU.Build.0 = Debug|Any CPU
		{C7A9A343-DE76-4818-BD6F-D7B7EA0A6E52}.Release|Any CPU.ActiveCfg = Release|Any CPU
		{C7A9A343-DE76-4818-BD6F-D7B7EA0A6E52}.Release|Any CPU.Build.0 = Release|Any CPU
	EndGlobalSection
	GlobalSection(SolutionProperties) = preSolution
		HideSolutionNode = FALSE
	EndGlobalSection
	GlobalSection(ExtensibilityGlobals) = postSolution
		SolutionGuid = {1330E3D5-0239-4DC0-905F-34806410F912}
	EndGlobalSection
EndGlobal
